// !$*UTF8*$!
{
	archiveVersion = 1;
	classes = {
	};
	objectVersion = 46;
	objects = {

/* Begin PBXBuildFile section */
		868C958F1ECA9D9500A712CD /* AppDelegate.swift in Sources */ = {isa = PBXBuildFile; fileRef = 868C958E1ECA9D9500A712CD /* AppDelegate.swift */; };
		868C95921ECA9D9600A712CD /* mySwfitProgramming.xcdatamodeld in Sources */ = {isa = PBXBuildFile; fileRef = 868C95901ECA9D9600A712CD /* mySwfitProgramming.xcdatamodeld */; };
		868C95941ECA9D9600A712CD /* MasterViewController.swift in Sources */ = {isa = PBXBuildFile; fileRef = 868C95931ECA9D9600A712CD /* MasterViewController.swift */; };
		868C95961ECA9D9600A712CD /* DetailViewController.swift in Sources */ = {isa = PBXBuildFile; fileRef = 868C95951ECA9D9600A712CD /* DetailViewController.swift */; };
		868C95991ECA9D9600A712CD /* Main.storyboard in Resources */ = {isa = PBXBuildFile; fileRef = 868C95971ECA9D9600A712CD /* Main.storyboard */; };
		868C959B1ECA9D9600A712CD /* Assets.xcassets in Resources */ = {isa = PBXBuildFile; fileRef = 868C959A1ECA9D9600A712CD /* Assets.xcassets */; };
		868C959E1ECA9D9600A712CD /* LaunchScreen.storyboard in Resources */ = {isa = PBXBuildFile; fileRef = 868C959C1ECA9D9600A712CD /* LaunchScreen.storyboard */; };
		868C95A91ECA9D9700A712CD /* mySwfitProgrammingTests.swift in Sources */ = {isa = PBXBuildFile; fileRef = 868C95A81ECA9D9700A712CD /* mySwfitProgrammingTests.swift */; };
		868C95B41ECA9D9700A712CD /* mySwfitProgrammingUITests.swift in Sources */ = {isa = PBXBuildFile; fileRef = 868C95B31ECA9D9700A712CD /* mySwfitProgrammingUITests.swift */; };
		868C95C31ECAA19500A712CD /* DemoToutchIDViewController.swift in Sources */ = {isa = PBXBuildFile; fileRef = 868C95C21ECAA19500A712CD /* DemoToutchIDViewController.swift */; };
		86E7D6BD1EDBCFF20010AF09 /* Startup.storyboard in Resources */ = {isa = PBXBuildFile; fileRef = 86E7D6BB1EDBCFF20010AF09 /* Startup.storyboard */; };
		B049742A1ED15AB300B3AC28 /* DemoViewDragViewController.swift in Sources */ = {isa = PBXBuildFile; fileRef = B04974291ED15AB300B3AC28 /* DemoViewDragViewController.swift */; };
		B049742C1ED15F2200B3AC28 /* DemoShowSubButtonViewController.swift in Sources */ = {isa = PBXBuildFile; fileRef = B049742B1ED15F2200B3AC28 /* DemoShowSubButtonViewController.swift */; };
		B049742E1ED1611500B3AC28 /* DemoShowSubButton.swift in Sources */ = {isa = PBXBuildFile; fileRef = B049742D1ED1611500B3AC28 /* DemoShowSubButton.swift */; };
/* End PBXBuildFile section */

/* Begin PBXContainerItemProxy section */
		868C95A51ECA9D9700A712CD /* PBXContainerItemProxy */ = {
			isa = PBXContainerItemProxy;
			containerPortal = 868C95831ECA9D9500A712CD /* Project object */;
			proxyType = 1;
			remoteGlobalIDString = 868C958A1ECA9D9500A712CD;
			remoteInfo = mySwfitProgramming;
		};
		868C95B01ECA9D9700A712CD /* PBXContainerItemProxy */ = {
			isa = PBXContainerItemProxy;
			containerPortal = 868C95831ECA9D9500A712CD /* Project object */;
			proxyType = 1;
			remoteGlobalIDString = 868C958A1ECA9D9500A712CD;
			remoteInfo = mySwfitProgramming;
		};
/* End PBXContainerItemProxy section */

/* Begin PBXFileReference section */
		868C958B1ECA9D9500A712CD /* mySwiftProgramming.app */ = {isa = PBXFileReference; explicitFileType = wrapper.application; includeInIndex = 0; path = mySwiftProgramming.app; sourceTree = BUILT_PRODUCTS_DIR; };
		868C958E1ECA9D9500A712CD /* AppDelegate.swift */ = {isa = PBXFileReference; lastKnownFileType = sourcecode.swift; path = AppDelegate.swift; sourceTree = "<group>"; };
		868C95911ECA9D9600A712CD /* mySwfitProgramming.xcdatamodel */ = {isa = PBXFileReference; lastKnownFileType = wrapper.xcdatamodel; path = mySwfitProgramming.xcdatamodel; sourceTree = "<group>"; };
		868C95931ECA9D9600A712CD /* MasterViewController.swift */ = {isa = PBXFileReference; lastKnownFileType = sourcecode.swift; path = MasterViewController.swift; sourceTree = "<group>"; };
		868C95951ECA9D9600A712CD /* DetailViewController.swift */ = {isa = PBXFileReference; lastKnownFileType = sourcecode.swift; path = DetailViewController.swift; sourceTree = "<group>"; };
		868C95981ECA9D9600A712CD /* Base */ = {isa = PBXFileReference; lastKnownFileType = file.storyboard; name = Base; path = Base.lproj/Main.storyboard; sourceTree = "<group>"; };
		868C959A1ECA9D9600A712CD /* Assets.xcassets */ = {isa = PBXFileReference; lastKnownFileType = folder.assetcatalog; path = Assets.xcassets; sourceTree = "<group>"; };
		868C959D1ECA9D9600A712CD /* Base */ = {isa = PBXFileReference; lastKnownFileType = file.storyboard; name = Base; path = Base.lproj/LaunchScreen.storyboard; sourceTree = "<group>"; };
		868C959F1ECA9D9600A712CD /* Info.plist */ = {isa = PBXFileReference; lastKnownFileType = text.plist.xml; path = Info.plist; sourceTree = "<group>"; };
		868C95A41ECA9D9700A712CD /* mySwiftProgrammingTests.xctest */ = {isa = PBXFileReference; explicitFileType = wrapper.cfbundle; includeInIndex = 0; path = mySwiftProgrammingTests.xctest; sourceTree = BUILT_PRODUCTS_DIR; };
		868C95A81ECA9D9700A712CD /* mySwfitProgrammingTests.swift */ = {isa = PBXFileReference; lastKnownFileType = sourcecode.swift; path = mySwfitProgrammingTests.swift; sourceTree = "<group>"; };
		868C95AA1ECA9D9700A712CD /* Info.plist */ = {isa = PBXFileReference; lastKnownFileType = text.plist.xml; path = Info.plist; sourceTree = "<group>"; };
		868C95AF1ECA9D9700A712CD /* mySwiftProgrammingUITests.xctest */ = {isa = PBXFileReference; explicitFileType = wrapper.cfbundle; includeInIndex = 0; path = mySwiftProgrammingUITests.xctest; sourceTree = BUILT_PRODUCTS_DIR; };
		868C95B31ECA9D9700A712CD /* mySwfitProgrammingUITests.swift */ = {isa = PBXFileReference; lastKnownFileType = sourcecode.swift; path = mySwfitProgrammingUITests.swift; sourceTree = "<group>"; };
		868C95B51ECA9D9700A712CD /* Info.plist */ = {isa = PBXFileReference; lastKnownFileType = text.plist.xml; path = Info.plist; sourceTree = "<group>"; };
		868C95C21ECAA19500A712CD /* DemoToutchIDViewController.swift */ = {isa = PBXFileReference; fileEncoding = 4; lastKnownFileType = sourcecode.swift; name = DemoToutchIDViewController.swift; path = Demo/DemoToutchIDViewController.swift; sourceTree = "<group>"; };
		86E7D6BC1EDBCFF20010AF09 /* Base */ = {isa = PBXFileReference; lastKnownFileType = file.storyboard; name = Base; path = Base.lproj/Startup.storyboard; sourceTree = "<group>"; };
		B04974291ED15AB300B3AC28 /* DemoViewDragViewController.swift */ = {isa = PBXFileReference; fileEncoding = 4; lastKnownFileType = sourcecode.swift; name = DemoViewDragViewController.swift; path = Demo/DemoViewDragViewController.swift; sourceTree = "<group>"; };
		B049742B1ED15F2200B3AC28 /* DemoShowSubButtonViewController.swift */ = {isa = PBXFileReference; fileEncoding = 4; lastKnownFileType = sourcecode.swift; name = DemoShowSubButtonViewController.swift; path = Demo/DemoShowSubButtonViewController.swift; sourceTree = "<group>"; };
		B049742D1ED1611500B3AC28 /* DemoShowSubButton.swift */ = {isa = PBXFileReference; fileEncoding = 4; lastKnownFileType = sourcecode.swift; name = DemoShowSubButton.swift; path = Demo/DemoShowSubButton.swift; sourceTree = "<group>"; };
/* End PBXFileReference section */

/* Begin PBXFrameworksBuildPhase section */
		868C95881ECA9D9500A712CD /* Frameworks */ = {
			isa = PBXFrameworksBuildPhase;
			buildActionMask = 2147483647;
			files = (
			);
			runOnlyForDeploymentPostprocessing = 0;
		};
		868C95A11ECA9D9700A712CD /* Frameworks */ = {
			isa = PBXFrameworksBuildPhase;
			buildActionMask = 2147483647;
			files = (
			);
			runOnlyForDeploymentPostprocessing = 0;
		};
		868C95AC1ECA9D9700A712CD /* Frameworks */ = {
			isa = PBXFrameworksBuildPhase;
			buildActionMask = 2147483647;
			files = (
			);
			runOnlyForDeploymentPostprocessing = 0;
		};
/* End PBXFrameworksBuildPhase section */

/* Begin PBXGroup section */
		868C95821ECA9D9500A712CD = {
			isa = PBXGroup;
			children = (
				868C958D1ECA9D9500A712CD /* mySwfitProgramming */,
				868C95A71ECA9D9700A712CD /* mySwfitProgrammingTests */,
				868C95B21ECA9D9700A712CD /* mySwfitProgrammingUITests */,
				868C958C1ECA9D9500A712CD /* Products */,
			);
			sourceTree = "<group>";
		};
		868C958C1ECA9D9500A712CD /* Products */ = {
			isa = PBXGroup;
			children = (
				868C958B1ECA9D9500A712CD /* mySwiftProgramming.app */,
				868C95A41ECA9D9700A712CD /* mySwiftProgrammingTests.xctest */,
				868C95AF1ECA9D9700A712CD /* mySwiftProgrammingUITests.xctest */,
			);
			name = Products;
			sourceTree = "<group>";
		};
		868C958D1ECA9D9500A712CD /* mySwfitProgramming */ = {
			isa = PBXGroup;
			children = (
				868C95C11ECAA0E600A712CD /* demo */,
				868C958E1ECA9D9500A712CD /* AppDelegate.swift */,
				868C95931ECA9D9600A712CD /* MasterViewController.swift */,
				868C95951ECA9D9600A712CD /* DetailViewController.swift */,
				868C95971ECA9D9600A712CD /* Main.storyboard */,
				868C959A1ECA9D9600A712CD /* Assets.xcassets */,
				868C959C1ECA9D9600A712CD /* LaunchScreen.storyboard */,
				868C959F1ECA9D9600A712CD /* Info.plist */,
				868C95901ECA9D9600A712CD /* mySwfitProgramming.xcdatamodeld */,
				86E7D6BB1EDBCFF20010AF09 /* Startup.storyboard */,
			);
			path = mySwfitProgramming;
			sourceTree = "<group>";
		};
		868C95A71ECA9D9700A712CD /* mySwfitProgrammingTests */ = {
			isa = PBXGroup;
			children = (
				868C95A81ECA9D9700A712CD /* mySwfitProgrammingTests.swift */,
				868C95AA1ECA9D9700A712CD /* Info.plist */,
			);
			path = mySwfitProgrammingTests;
			sourceTree = "<group>";
		};
		868C95B21ECA9D9700A712CD /* mySwfitProgrammingUITests */ = {
			isa = PBXGroup;
			children = (
				868C95B31ECA9D9700A712CD /* mySwfitProgrammingUITests.swift */,
				868C95B51ECA9D9700A712CD /* Info.plist */,
			);
			path = mySwfitProgrammingUITests;
			sourceTree = "<group>";
		};
		868C95C11ECAA0E600A712CD /* demo */ = {
			isa = PBXGroup;
			children = (
				868C95C21ECAA19500A712CD /* DemoToutchIDViewController.swift */,
				B04974291ED15AB300B3AC28 /* DemoViewDragViewController.swift */,
				B049742B1ED15F2200B3AC28 /* DemoShowSubButtonViewController.swift */,
				B049742D1ED1611500B3AC28 /* DemoShowSubButton.swift */,
			);
			name = demo;
			sourceTree = "<group>";
		};
/* End PBXGroup section */

/* Begin PBXNativeTarget section */
		868C958A1ECA9D9500A712CD /* mySwiftProgramming */ = {
			isa = PBXNativeTarget;
			buildConfigurationList = 868C95B81ECA9D9700A712CD /* Build configuration list for PBXNativeTarget "mySwiftProgramming" */;
			buildPhases = (
				868C95871ECA9D9500A712CD /* Sources */,
				868C95881ECA9D9500A712CD /* Frameworks */,
				868C95891ECA9D9500A712CD /* Resources */,
			);
			buildRules = (
			);
			dependencies = (
			);
			name = mySwiftProgramming;
			productName = mySwfitProgramming;
			productReference = 868C958B1ECA9D9500A712CD /* mySwiftProgramming.app */;
			productType = "com.apple.product-type.application";
		};
		868C95A31ECA9D9700A712CD /* mySwiftProgrammingTests */ = {
			isa = PBXNativeTarget;
			buildConfigurationList = 868C95BB1ECA9D9700A712CD /* Build configuration list for PBXNativeTarget "mySwiftProgrammingTests" */;
			buildPhases = (
				868C95A01ECA9D9700A712CD /* Sources */,
				868C95A11ECA9D9700A712CD /* Frameworks */,
				868C95A21ECA9D9700A712CD /* Resources */,
			);
			buildRules = (
			);
			dependencies = (
				868C95A61ECA9D9700A712CD /* PBXTargetDependency */,
			);
			name = mySwiftProgrammingTests;
			productName = mySwfitProgrammingTests;
			productReference = 868C95A41ECA9D9700A712CD /* mySwiftProgrammingTests.xctest */;
			productType = "com.apple.product-type.bundle.unit-test";
		};
		868C95AE1ECA9D9700A712CD /* mySwiftProgrammingUITests */ = {
			isa = PBXNativeTarget;
			buildConfigurationList = 868C95BE1ECA9D9700A712CD /* Build configuration list for PBXNativeTarget "mySwiftProgrammingUITests" */;
			buildPhases = (
				868C95AB1ECA9D9700A712CD /* Sources */,
				868C95AC1ECA9D9700A712CD /* Frameworks */,
				868C95AD1ECA9D9700A712CD /* Resources */,
			);
			buildRules = (
			);
			dependencies = (
				868C95B11ECA9D9700A712CD /* PBXTargetDependency */,
			);
			name = mySwiftProgrammingUITests;
			productName = mySwfitProgrammingUITests;
			productReference = 868C95AF1ECA9D9700A712CD /* mySwiftProgrammingUITests.xctest */;
			productType = "com.apple.product-type.bundle.ui-testing";
		};
/* End PBXNativeTarget section */

/* Begin PBXProject section */
		868C95831ECA9D9500A712CD /* Project object */ = {
			isa = PBXProject;
			attributes = {
				LastSwiftUpdateCheck = 0730;
				LastUpgradeCheck = 0820;
				ORGANIZATIONNAME = enixsoft;
				TargetAttributes = {
					868C958A1ECA9D9500A712CD = {
						CreatedOnToolsVersion = 7.3.1;
						DevelopmentTeam = ATSE3MDB5Y;
						LastSwiftMigration = 0820;
					};
					868C95A31ECA9D9700A712CD = {
						CreatedOnToolsVersion = 7.3.1;
						LastSwiftMigration = 0820;
						TestTargetID = 868C958A1ECA9D9500A712CD;
					};
					868C95AE1ECA9D9700A712CD = {
						CreatedOnToolsVersion = 7.3.1;
						LastSwiftMigration = 0820;
						TestTargetID = 868C958A1ECA9D9500A712CD;
					};
				};
			};
			buildConfigurationList = 868C95861ECA9D9500A712CD /* Build configuration list for PBXProject "mySwiftProgramming" */;
			compatibilityVersion = "Xcode 3.2";
			developmentRegion = English;
			hasScannedForEncodings = 0;
			knownRegions = (
				en,
				Base,
			);
			mainGroup = 868C95821ECA9D9500A712CD;
			productRefGroup = 868C958C1ECA9D9500A712CD /* Products */;
			projectDirPath = "";
			projectRoot = "";
			targets = (
				868C958A1ECA9D9500A712CD /* mySwiftProgramming */,
				868C95A31ECA9D9700A712CD /* mySwiftProgrammingTests */,
				868C95AE1ECA9D9700A712CD /* mySwiftProgrammingUITests */,
			);
		};
/* End PBXProject section */

/* Begin PBXResourcesBuildPhase section */
		868C95891ECA9D9500A712CD /* Resources */ = {
			isa = PBXResourcesBuildPhase;
			buildActionMask = 2147483647;
			files = (
				86E7D6BD1EDBCFF20010AF09 /* Startup.storyboard in Resources */,
				868C959E1ECA9D9600A712CD /* LaunchScreen.storyboard in Resources */,
				868C959B1ECA9D9600A712CD /* Assets.xcassets in Resources */,
				868C95991ECA9D9600A712CD /* Main.storyboard in Resources */,
			);
			runOnlyForDeploymentPostprocessing = 0;
		};
		868C95A21ECA9D9700A712CD /* Resources */ = {
			isa = PBXResourcesBuildPhase;
			buildActionMask = 2147483647;
			files = (
			);
			runOnlyForDeploymentPostprocessing = 0;
		};
		868C95AD1ECA9D9700A712CD /* Resources */ = {
			isa = PBXResourcesBuildPhase;
			buildActionMask = 2147483647;
			files = (
			);
			runOnlyForDeploymentPostprocessing = 0;
		};
/* End PBXResourcesBuildPhase section */

/* Begin PBXSourcesBuildPhase section */
		868C95871ECA9D9500A712CD /* Sources */ = {
			isa = PBXSourcesBuildPhase;
			buildActionMask = 2147483647;
			files = (
				B049742A1ED15AB300B3AC28 /* DemoViewDragViewController.swift in Sources */,
				B049742C1ED15F2200B3AC28 /* DemoShowSubButtonViewController.swift in Sources */,
				868C958F1ECA9D9500A712CD /* AppDelegate.swift in Sources */,
				868C95921ECA9D9600A712CD /* mySwfitProgramming.xcdatamodeld in Sources */,
				868C95C31ECAA19500A712CD /* DemoToutchIDViewController.swift in Sources */,
				868C95941ECA9D9600A712CD /* MasterViewController.swift in Sources */,
				B049742E1ED1611500B3AC28 /* DemoShowSubButton.swift in Sources */,
				868C95961ECA9D9600A712CD /* DetailViewController.swift in Sources */,
			);
			runOnlyForDeploymentPostprocessing = 0;
		};
		868C95A01ECA9D9700A712CD /* Sources */ = {
			isa = PBXSourcesBuildPhase;
			buildActionMask = 2147483647;
			files = (
				868C95A91ECA9D9700A712CD /* mySwfitProgrammingTests.swift in Sources */,
			);
			runOnlyForDeploymentPostprocessing = 0;
		};
		868C95AB1ECA9D9700A712CD /* Sources */ = {
			isa = PBXSourcesBuildPhase;
			buildActionMask = 2147483647;
			files = (
				868C95B41ECA9D9700A712CD /* mySwfitProgrammingUITests.swift in Sources */,
			);
			runOnlyForDeploymentPostprocessing = 0;
		};
/* End PBXSourcesBuildPhase section */

/* Begin PBXTargetDependency section */
		868C95A61ECA9D9700A712CD /* PBXTargetDependency */ = {
			isa = PBXTargetDependency;
			target = 868C958A1ECA9D9500A712CD /* mySwiftProgramming */;
			targetProxy = 868C95A51ECA9D9700A712CD /* PBXContainerItemProxy */;
		};
		868C95B11ECA9D9700A712CD /* PBXTargetDependency */ = {
			isa = PBXTargetDependency;
			target = 868C958A1ECA9D9500A712CD /* mySwiftProgramming */;
			targetProxy = 868C95B01ECA9D9700A712CD /* PBXContainerItemProxy */;
		};
/* End PBXTargetDependency section */

/* Begin PBXVariantGroup section */
		868C95971ECA9D9600A712CD /* Main.storyboard */ = {
			isa = PBXVariantGroup;
			children = (
				868C95981ECA9D9600A712CD /* Base */,
			);
			name = Main.storyboard;
			sourceTree = "<group>";
		};
		868C959C1ECA9D9600A712CD /* LaunchScreen.storyboard */ = {
			isa = PBXVariantGroup;
			children = (
				868C959D1ECA9D9600A712CD /* Base */,
			);
			name = LaunchScreen.storyboard;
			sourceTree = "<group>";
		};
		86E7D6BB1EDBCFF20010AF09 /* Startup.storyboard */ = {
			isa = PBXVariantGroup;
			children = (
				86E7D6BC1EDBCFF20010AF09 /* Base */,
			);
			name = Startup.storyboard;
			sourceTree = "<group>";
		};
/* End PBXVariantGroup section */

/* Begin XCBuildConfiguration section */
		868C95B61ECA9D9700A712CD /* Debug */ = {
			isa = XCBuildConfiguration;
			buildSettings = {
				ALWAYS_SEARCH_USER_PATHS = NO;
				CLANG_ANALYZER_NONNULL = YES;
				CLANG_CXX_LANGUAGE_STANDARD = "gnu++0x";
				CLANG_CXX_LIBRARY = "libc++";
				CLANG_ENABLE_MODULES = YES;
				CLANG_ENABLE_OBJC_ARC = YES;
				CLANG_WARN_BOOL_CONVERSION = YES;
				CLANG_WARN_CONSTANT_CONVERSION = YES;
				CLANG_WARN_DIRECT_OBJC_ISA_USAGE = YES_ERROR;
				CLANG_WARN_EMPTY_BODY = YES;
				CLANG_WARN_ENUM_CONVERSION = YES;
				CLANG_WARN_INFINITE_RECURSION = YES;
				CLANG_WARN_INT_CONVERSION = YES;
				CLANG_WARN_OBJC_ROOT_CLASS = YES_ERROR;
				CLANG_WARN_SUSPICIOUS_MOVE = YES;
				CLANG_WARN_UNREACHABLE_CODE = YES;
				CLANG_WARN__DUPLICATE_METHOD_MATCH = YES;
				"CODE_SIGN_IDENTITY[sdk=iphoneos*]" = "iPhone Developer";
				COPY_PHASE_STRIP = NO;
				DEBUG_INFORMATION_FORMAT = dwarf;
				ENABLE_STRICT_OBJC_MSGSEND = YES;
				ENABLE_TESTABILITY = YES;
				GCC_C_LANGUAGE_STANDARD = gnu99;
				GCC_DYNAMIC_NO_PIC = NO;
				GCC_NO_COMMON_BLOCKS = YES;
				GCC_OPTIMIZATION_LEVEL = 0;
				GCC_PREPROCESSOR_DEFINITIONS = (
					"DEBUG=1",
					"$(inherited)",
				);
				GCC_WARN_64_TO_32_BIT_CONVERSION = YES;
				GCC_WARN_ABOUT_RETURN_TYPE = YES_ERROR;
				GCC_WARN_UNDECLARED_SELECTOR = YES;
				GCC_WARN_UNINITIALIZED_AUTOS = YES_AGGRESSIVE;
				GCC_WARN_UNUSED_FUNCTION = YES;
				GCC_WARN_UNUSED_VARIABLE = YES;
				IPHONEOS_DEPLOYMENT_TARGET = 10.1;
				MTL_ENABLE_DEBUG_INFO = YES;
				ONLY_ACTIVE_ARCH = YES;
				SDKROOT = iphoneos;
				SWIFT_OPTIMIZATION_LEVEL = "-Onone";
				TARGETED_DEVICE_FAMILY = "1,2";
			};
			name = Debug;
		};
		868C95B71ECA9D9700A712CD /* Release */ = {
			isa = XCBuildConfiguration;
			buildSettings = {
				ALWAYS_SEARCH_USER_PATHS = NO;
				CLANG_ANALYZER_NONNULL = YES;
				CLANG_CXX_LANGUAGE_STANDARD = "gnu++0x";
				CLANG_CXX_LIBRARY = "libc++";
				CLANG_ENABLE_MODULES = YES;
				CLANG_ENABLE_OBJC_ARC = YES;
				CLANG_WARN_BOOL_CONVERSION = YES;
				CLANG_WARN_CONSTANT_CONVERSION = YES;
				CLANG_WARN_DIRECT_OBJC_ISA_USAGE = YES_ERROR;
				CLANG_WARN_EMPTY_BODY = YES;
				CLANG_WARN_ENUM_CONVERSION = YES;
				CLANG_WARN_INFINITE_RECURSION = YES;
				CLANG_WARN_INT_CONVERSION = YES;
				CLANG_WARN_OBJC_ROOT_CLASS = YES_ERROR;
				CLANG_WARN_SUSPICIOUS_MOVE = YES;
				CLANG_WARN_UNREACHABLE_CODE = YES;
				CLANG_WARN__DUPLICATE_METHOD_MATCH = YES;
				"CODE_SIGN_IDENTITY[sdk=iphoneos*]" = "iPhone Developer";
				COPY_PHASE_STRIP = NO;
				DEBUG_INFORMATION_FORMAT = "dwarf-with-dsym";
				ENABLE_NS_ASSERTIONS = NO;
				ENABLE_STRICT_OBJC_MSGSEND = YES;
				GCC_C_LANGUAGE_STANDARD = gnu99;
				GCC_NO_COMMON_BLOCKS = YES;
				GCC_WARN_64_TO_32_BIT_CONVERSION = YES;
				GCC_WARN_ABOUT_RETURN_TYPE = YES_ERROR;
				GCC_WARN_UNDECLARED_SELECTOR = YES;
				GCC_WARN_UNINITIALIZED_AUTOS = YES_AGGRESSIVE;
				GCC_WARN_UNUSED_FUNCTION = YES;
				GCC_WARN_UNUSED_VARIABLE = YES;
				IPHONEOS_DEPLOYMENT_TARGET = 10.1;
				MTL_ENABLE_DEBUG_INFO = NO;
				SDKROOT = iphoneos;
				SWIFT_OPTIMIZATION_LEVEL = "-Owholemodule";
				TARGETED_DEVICE_FAMILY = "1,2";
				VALIDATE_PRODUCT = YES;
			};
			name = Release;
		};
		868C95B91ECA9D9700A712CD /* Debug */ = {
			isa = XCBuildConfiguration;
			buildSettings = {
				ASSETCATALOG_COMPILER_APPICON_NAME = AppIcon;
				CODE_SIGN_IDENTITY = "iPhone Developer";
				"CODE_SIGN_IDENTITY[sdk=iphoneos*]" = "iPhone Developer";
				INFOPLIST_FILE = mySwfitProgramming/Info.plist;
				IPHONEOS_DEPLOYMENT_TARGET = 9.3;
				LD_RUNPATH_SEARCH_PATHS = "$(inherited) @executable_path/Frameworks";
				PRODUCT_BUNDLE_IDENTIFIER = jp.co.enixsoft.mySwfitProgramming;
				PRODUCT_NAME = "$(TARGET_NAME)";
				PROVISIONING_PROFILE = "";
				SWIFT_VERSION = 3.0;
			};
			name = Debug;
		};
		868C95BA1ECA9D9700A712CD /* Release */ = {
			isa = XCBuildConfiguration;
			buildSettings = {
				ASSETCATALOG_COMPILER_APPICON_NAME = AppIcon;
				CODE_SIGN_IDENTITY = "iPhone Developer";
				"CODE_SIGN_IDENTITY[sdk=iphoneos*]" = "iPhone Developer";
				INFOPLIST_FILE = mySwfitProgramming/Info.plist;
				IPHONEOS_DEPLOYMENT_TARGET = 9.3;
				LD_RUNPATH_SEARCH_PATHS = "$(inherited) @executable_path/Frameworks";
				PRODUCT_BUNDLE_IDENTIFIER = jp.co.enixsoft.mySwfitProgramming;
				PRODUCT_NAME = "$(TARGET_NAME)";
				PROVISIONING_PROFILE = "";
				SWIFT_VERSION = 3.0;
			};
			name = Release;
		};
		868C95BC1ECA9D9700A712CD /* Debug */ = {
			isa = XCBuildConfiguration;
			buildSettings = {
				BUNDLE_LOADER = "$(TEST_HOST)";
				INFOPLIST_FILE = mySwfitProgrammingTests/Info.plist;
				LD_RUNPATH_SEARCH_PATHS = "$(inherited) @executable_path/Frameworks @loader_path/Frameworks";
				PRODUCT_BUNDLE_IDENTIFIER = jp.co.enixsoft.mySwfitProgrammingTests;
				PRODUCT_NAME = "$(TARGET_NAME)";
				SWIFT_VERSION = 3.0;
				TEST_HOST = "$(BUILT_PRODUCTS_DIR)/mySwiftProgramming.app/mySwiftProgramming";
			};
			name = Debug;
		};
		868C95BD1ECA9D9700A712CD /* Release */ = {
			isa = XCBuildConfiguration;
			buildSettings = {
				BUNDLE_LOADER = "$(TEST_HOST)";
				INFOPLIST_FILE = mySwfitProgrammingTests/Info.plist;
				LD_RUNPATH_SEARCH_PATHS = "$(inherited) @executable_path/Frameworks @loader_path/Frameworks";
				PRODUCT_BUNDLE_IDENTIFIER = jp.co.enixsoft.mySwfitProgrammingTests;
				PRODUCT_NAME = "$(TARGET_NAME)";
				SWIFT_VERSION = 3.0;
				TEST_HOST = "$(BUILT_PRODUCTS_DIR)/mySwiftProgramming.app/mySwiftProgramming";
			};
			name = Release;
		};
		868C95BF1ECA9D9700A712CD /* Debug */ = {
			isa = XCBuildConfiguration;
			buildSettings = {
				INFOPLIST_FILE = mySwfitProgrammingUITests/Info.plist;
				LD_RUNPATH_SEARCH_PATHS = "$(inherited) @executable_path/Frameworks @loader_path/Frameworks";
				PRODUCT_BUNDLE_IDENTIFIER = jp.co.enixsoft.mySwfitProgrammingUITests;
				PRODUCT_NAME = "$(TARGET_NAME)";
				SWIFT_VERSION = 3.0;
				TEST_TARGET_NAME = mySwfitProgramming;
			};
			name = Debug;
		};
		868C95C01ECA9D9700A712CD /* Release */ = {
			isa = XCBuildConfiguration;
			buildSettings = {
				INFOPLIST_FILE = mySwfitProgrammingUITests/Info.plist;
				LD_RUNPATH_SEARCH_PATHS = "$(inherited) @executable_path/Frameworks @loader_path/Frameworks";
				PRODUCT_BUNDLE_IDENTIFIER = jp.co.enixsoft.mySwfitProgrammingUITests;
				PRODUCT_NAME = "$(TARGET_NAME)";
				SWIFT_VERSION = 3.0;
				TEST_TARGET_NAME = mySwfitProgramming;
			};
			name = Release;
		};
/* End XCBuildConfiguration section */

/* Begin XCConfigurationList section */
		868C95861ECA9D9500A712CD /* Build configuration list for PBXProject "mySwiftProgramming" */ = {
			isa = XCConfigurationList;
			buildConfigurations = (
				868C95B61ECA9D9700A712CD /* Debug */,
				868C95B71ECA9D9700A712CD /* Release */,
			);
			defaultConfigurationIsVisible = 0;
			defaultConfigurationName = Release;
		};
		868C95B81ECA9D9700A712CD /* Build configuration list for PBXNativeTarget "mySwiftProgramming" */ = {
			isa = XCConfigurationList;
			buildConfigurations = (
				868C95B91ECA9D9700A712CD /* Debug */,
				868C95BA1ECA9D9700A712CD /* Release */,
			);
			defaultConfigurationIsVisible = 0;
			defaultConfigurationName = Release;
		};
		868C95BB1ECA9D9700A712CD /* Build configuration list for PBXNativeTarget "mySwiftProgrammingTests" */ = {
			isa = XCConfigurationList;
			buildConfigurations = (
				868C95BC1ECA9D9700A712CD /* Debug */,
				868C95BD1ECA9D9700A712CD /* Release */,
			);
			defaultConfigurationIsVisible = 0;
			defaultConfigurationName = Release;
		};
		868C95BE1ECA9D9700A712CD /* Build configuration list for PBXNativeTarget "mySwiftProgrammingUITests" */ = {
			isa = XCConfigurationList;
			buildConfigurations = (
				868C95BF1ECA9D9700A712CD /* Debug */,
				868C95C01ECA9D9700A712CD /* Release */,
			);
			defaultConfigurationIsVisible = 0;
			defaultConfigurationName = Release;
		};
/* End XCConfigurationList section */

/* Begin XCVersionGroup section */
		868C95901ECA9D9600A712CD /* mySwfitProgramming.xcdatamodeld */ = {
			isa = XCVersionGroup;
			children = (
				868C95911ECA9D9600A712CD /* mySwfitProgramming.xcdatamodel */,
			);
			currentVersion = 868C95911ECA9D9600A712CD /* mySwfitProgramming.xcdatamodel */;
			path = mySwfitProgramming.xcdatamodeld;
			sourceTree = "<group>";
			versionGroupType = wrapper.xcdatamodel;
		};
/* End XCVersionGroup section */
	};
	rootObject = 868C95831ECA9D9500A712CD /* Project object */;
}
